// !$*UTF8*$!
{
    archiveVersion = 1;
    classes = {
    };
    objectVersion = 46;
    objects = {

/* Begin PBXAggregateTarget section */
		FEED635CFEEDD3C800000006 /* All */ = {
			isa = PBXAggregateTarget;
			buildConfigurationList = FEED635CFEEDD3C800000005 /* Build configuration list for PBXAggregateTarget "All" */;
			buildPhases = (
				
			);
			dependencies = (
			);
			name = All;
			productName = All;
		};
		FEED635CFEEDD3C800000008 /* Prep */ = {
			isa = PBXAggregateTarget;
			buildConfigurationList = FEED635CFEEDD3C800000007 /* Build configuration list for PBXAggregateTarget "Prep" */;
			buildPhases = (
				FEED635CFEEDD3C800000009,
			);
			dependencies = (
			);
			name = Prep;
			productName = Prep;
		};
/* End PBXAggregateTarget section */

/* Begin PBXBuildFile section */
/* End PBXBuildFile section */

/* Begin PBXContainerItemProxy section */
/* End PBXContainerItemProxy section */

/* Begin PBXFileReference section */
/* End PBXFileReference section */

/* Begin PBXFrameworksBuildPhase section */
/* End PBXFrameworksBuildPhase section */

/* Begin PBXGroup section */
		FEED635CFEEDD3C80000000A /* Top Group */ = {
            isa = PBXGroup;
            children = (
				FEED635CFEEDD3C80000000B /* Products */,
			);
            sourceTree = "<group>";
        };
		FEED635CFEEDD3C80000000B /* Products */ = {
            isa = PBXGroup;
            children = (
			);
            name = "Products";
            path = ..;
            sourceTree = SOURCE_ROOT;
        };
/* End PBXGroup section */

/* Begin PBXNativeTarget section */
/* End PBXNativeTarget section */

/* Begin PBXShellScriptBuildPhase section */
		FEED635CFEEDD3C800000009 /* ShellScript for Prep */ = {
			isa = PBXShellScriptBuildPhase;
			buildActionMask = 2147483647;
			files = (
			);
			inputPaths = (

			);
			outputPaths = (

			);
			runOnlyForDeploymentPostprocessing = 0;
			shellPath = /bin/bash;
			shellScript = "PATH=$PATH:/usr/local/bin
[ ! -x ${INC_DIR} ] && mkdir -p ${INC_DIR} ${OBJ_DIR} ${LIB_DIR} ${BIN_DIR}
[ ! -f ${INC_DIR}/bit.h ] && cp bitos-macosx-static-bit.h ${INC_DIR}/bit.h
[ ! -f ${INC_DIR}/bitos.h ] && cp ${SRC_DIR}/src/bitos.h ${INC_DIR}/bitos.h
if ! diff ${INC_DIR}/bit.h bitos-macosx-static-bit.h >/dev/null ; then
cp bitos-macosx-static-bit.h ${INC_DIR}/bit.h
fi";
		};
/* End PBXShellScriptBuildPhase section */

/* Begin PBXProject section */
		FEED635CFEEDD3C800000001 /* Project object */ = {
			isa = PBXProject;
			attributes = {
				LastUpgradeCheck = 0430;
				ORGANIZATIONNAME = "Embedthis";
			};
			buildConfigurationList = FEED635CFEEDD3C800000002 /* Build configuration list for PBXProject "bitos" */;
			compatibilityVersion = "Xcode 3.2";
			developmentRegion = English;
			hasScannedForEncodings = 0;
			knownRegions = (
				en,
			);
			mainGroup = FEED635CFEEDD3C80000000A;
			productRefGroup = FEED635CFEEDD3C80000000B /* Products */;
			projectDirPath = "";
			projectRoot = "";
			targets = (
				FEED635CFEEDD3C800000006 /* All */,
				FEED635CFEEDD3C800000008 /* Prep */,
			);
		};
/* End PBXProject section */

/* Begin PBXSourcesBuildPhase section */
/* End PBXSourcesBuildPhase section */

/* Begin PBXTargetDependency section */
/* End PBXTargetDependency section */

/* Begin XCBuildConfiguration section */
		FEED635CFEEDD3C800000003 /* Debug */ = {
			isa = XCBuildConfiguration;
			buildSettings = {

                /* Common Settings */
				ALWAYS_SEARCH_USER_PATHS = NO;
				ARCHS = "$(ARCHS_STANDARD_64_BIT)";
                CURRENT_PROJECT_VERSION = 0.8.6;
                DYLIB_COMPATIBILITY_VERSION = "$(CURRENT_PROJECT_VERSION)";
                DYLIB_CURRENT_VERSION = "$(CURRENT_PROJECT_VERSION)";
				GCC_C_LANGUAGE_STANDARD = gnu99;
				GCC_VERSION = com.apple.compilers.llvm.clang.1_0;
				GCC_WARN_ABOUT_RETURN_TYPE = YES;
                LD_DYLIB_INSTALL_NAME = "@rpath/$(EXECUTABLE_PATH)";
				MACOSX_DEPLOYMENT_TARGET = 10.7;
				SDKROOT = macosx;

                OUT_DIR = "../macosx-x64-static";
                BIN_DIR = "../macosx-x64-static/bin";
                LIB_DIR = "../macosx-x64-static/bin";
                INC_DIR = "../macosx-x64-static/inc";
                OBJ_DIR = "../macosx-x64-static/obj";
                SRC_DIR = "..";

                CONFIGURATION_TEMP_DIR = "$(OBJ_DIR)/tmp/$(CONFIGURATION)";
                CONFIGURATION_BUILD_DIR = "$(BIN_DIR)";
                INSTALL_PATH = "/usr/lib/bitos";
                DSTROOT = "/tmp/bitos.dst";
                OBJROOT = "$(OBJ_DIR)";
                SYMROOT = "$(BIN_DIR)";
				GCC_WARN_64_TO_32_BIT_CONVERSION = YES;
				GCC_WARN_64_TO_32_BIT_CONVERSION = YES;
				GCC_WARN_UNUSED_VARIABLE = NO;
				GCC_WARN_UNUSED_FUNCTION = NO;
				GCC_WARN_UNUSED_LABEL = NO;
				GCC_WARN_64_TO_32_BIT_CONVERSION = YES;
				GCC_WARN_64_TO_32_BIT_CONVERSION = YES;
				GCC_WARN_UNUSED_VARIABLE = NO;
				GCC_WARN_UNUSED_FUNCTION = NO;
				GCC_WARN_UNUSED_LABEL = NO;

                /* Debug Settings */
				COPY_PHASE_STRIP = NO;
				GCC_OPTIMIZATION_LEVEL = 0;
				GCC_SYMBOLS_PRIVATE_EXTERN = NO;
				HEADER_SEARCH_PATHS = (
					"../macosx-x64-static/inc",
					"$(inherited)"
				);
				GCC_PREPROCESSOR_DEFINITIONS = (
					"BIT_DEBUG",
					"$(inherited)"
				);
				LIBRARY_SEARCH_PATHS = (
					"../macosx-x64-static/bin",
					"$(inherited)"
				);
				OTHER_LDFLAGS = (
					"-Wl,-rpath,@executable_path/",
					"-Wl,-rpath,@loader_path/",
					"-ldl",
					"-lpthread",
					"-lm",
					"$(inherited)"
				);

			};
			name = Debug;
		};
		FEED635CFEEDD3C800000004 /* Release */ = {
			isa = XCBuildConfiguration;
			buildSettings = {

                /* Common Settings */
				ALWAYS_SEARCH_USER_PATHS = NO;
				ARCHS = "$(ARCHS_STANDARD_64_BIT)";
                CURRENT_PROJECT_VERSION = 0.8.6;
                DYLIB_COMPATIBILITY_VERSION = "$(CURRENT_PROJECT_VERSION)";
                DYLIB_CURRENT_VERSION = "$(CURRENT_PROJECT_VERSION)";
				GCC_C_LANGUAGE_STANDARD = gnu99;
				GCC_VERSION = com.apple.compilers.llvm.clang.1_0;
				GCC_WARN_ABOUT_RETURN_TYPE = YES;
                LD_DYLIB_INSTALL_NAME = "@rpath/$(EXECUTABLE_PATH)";
				MACOSX_DEPLOYMENT_TARGET = 10.7;
				SDKROOT = macosx;

                OUT_DIR = "../macosx-x64-static";
                BIN_DIR = "../macosx-x64-static/bin";
                LIB_DIR = "../macosx-x64-static/bin";
                INC_DIR = "../macosx-x64-static/inc";
                OBJ_DIR = "../macosx-x64-static/obj";
                SRC_DIR = "..";

                CONFIGURATION_TEMP_DIR = "$(OBJ_DIR)/tmp/$(CONFIGURATION)";
                CONFIGURATION_BUILD_DIR = "$(BIN_DIR)";
                INSTALL_PATH = "/usr/lib/bitos";
                DSTROOT = "/tmp/bitos.dst";
                OBJROOT = "$(OBJ_DIR)";
                SYMROOT = "$(BIN_DIR)";
				GCC_WARN_64_TO_32_BIT_CONVERSION = YES;
				GCC_WARN_64_TO_32_BIT_CONVERSION = YES;
				GCC_WARN_UNUSED_VARIABLE = NO;
				GCC_WARN_UNUSED_FUNCTION = NO;
				GCC_WARN_UNUSED_LABEL = NO;
				GCC_WARN_64_TO_32_BIT_CONVERSION = YES;
				GCC_WARN_64_TO_32_BIT_CONVERSION = YES;
				GCC_WARN_UNUSED_VARIABLE = NO;
				GCC_WARN_UNUSED_FUNCTION = NO;
				GCC_WARN_UNUSED_LABEL = NO;

                /* Release Settings */
				COPY_PHASE_STRIP = YES;
				DEBUG_INFORMATION_FORMAT = "dwarf-with-dsym";
				GCC_OPTIMIZATION_LEVEL = s;
                GCC_WARN_UNINITIALIZED_AUTOS = NO;
				HEADER_SEARCH_PATHS = (
					"../macosx-x64-static/inc",
					"$(inherited)"
				);

				LIBRARY_SEARCH_PATHS = (
					"../macosx-x64-static/bin",
					"$(inherited)"
				);
				OTHER_LDFLAGS = (
					"-Wl,-rpath,@executable_path/",
					"-Wl,-rpath,@loader_path/",
					"-ldl",
					"-lpthread",
					"-lm",
					"$(inherited)"
				);

			};
			name = Release;
		};
		FEED635CFEEDD3C80000000C /* Debug */ = {
			isa = XCBuildConfiguration;
			buildSettings = {
				PRODUCT_NAME = All;

				GCC_PREPROCESSOR_DEFINITIONS = (
					"BIT_DEBUG",
					"$(inherited)"
				);
			};
			name = Debug;
		};
		FEED635CFEEDD3C80000000D /* Release */ = {
			isa = XCBuildConfiguration;
			buildSettings = {
				PRODUCT_NAME = All;


			};
			name = Release;
		};
		FEED635CFEEDD3C80000000E /* Debug */ = {
			isa = XCBuildConfiguration;
			buildSettings = {
				PRODUCT_NAME = Prep;

				GCC_PREPROCESSOR_DEFINITIONS = (
					"BIT_DEBUG",
					"$(inherited)"
				);
			};
			name = Debug;
		};
		FEED635CFEEDD3C80000000F /* Release */ = {
			isa = XCBuildConfiguration;
			buildSettings = {
				PRODUCT_NAME = Prep;


			};
			name = Release;
		};
/* End XCBuildConfiguration section */

/* Begin XCConfigurationList section */
		FEED635CFEEDD3C800000002 /* Build configuration list for PBXProject "bitos" */ = {
			isa = XCConfigurationList;
			buildConfigurations = (
				FEED635CFEEDD3C800000003 /* Debug */,
				FEED635CFEEDD3C800000004 /* Release */,
			);
			defaultConfigurationIsVisible = 0;
			defaultConfigurationName = Release;
		};
		FEED635CFEEDD3C800000005 /* Build configuration list for PBXNativeTarget "All" */ = {
			isa = XCConfigurationList;
			buildConfigurations = (
				FEED635CFEEDD3C80000000C /* Debug */,
				FEED635CFEEDD3C80000000D /* Release */,
			);
			defaultConfigurationIsVisible = 0;
			defaultConfigurationName = Release;
		};
		FEED635CFEEDD3C800000007 /* Build configuration list for PBXNativeTarget "Prep" */ = {
			isa = XCConfigurationList;
			buildConfigurations = (
				FEED635CFEEDD3C80000000E /* Debug */,
				FEED635CFEEDD3C80000000F /* Release */,
			);
			defaultConfigurationIsVisible = 0;
			defaultConfigurationName = Release;
		};
/* End XCConfigurationList section */
	};
	rootObject = FEED635CFEEDD3C800000001 /* Project object */;
}
