// !$*UTF8*$!
{
    archiveVersion = 1;
    classes = {
    };
    objectVersion = 46;
    objects = {

/* Begin PBXAggregateTarget section */
		C1D412F4C1D42C0000000006 /* All */ = {
			isa = PBXAggregateTarget;
			buildConfigurationList = C1D412F4C1D42C0000000005 /* Build configuration list for PBXAggregateTarget "All" */;
			buildPhases = (
				
			);
			dependencies = (
			);
			name = All;
			productName = All;
		};
		C1D412F4C1D42C0000000008 /* Prep */ = {
			isa = PBXAggregateTarget;
			buildConfigurationList = C1D412F4C1D42C0000000007 /* Build configuration list for PBXAggregateTarget "Prep" */;
			buildPhases = (
				C1D412F4C1D42C0000000009,
			);
			dependencies = (
			);
			name = Prep;
			productName = Prep;
		};
/* End PBXAggregateTarget section */

/* Begin PBXBuildFile section */
/* End PBXBuildFile section */

/* Begin PBXContainerItemProxy section */
/* End PBXContainerItemProxy section */

/* Begin PBXFileReference section */
/* End PBXFileReference section */

/* Begin PBXFrameworksBuildPhase section */
/* End PBXFrameworksBuildPhase section */

/* Begin PBXGroup section */
		C1D412F4C1D42C000000000A /* Top Group */ = {
            isa = PBXGroup;
            children = (
				C1D412F4C1D42C000000000B /* Products */,
			);
            sourceTree = "<group>";
        };
		C1D412F4C1D42C000000000B /* Products */ = {
            isa = PBXGroup;
            children = (
			);
            name = "Products";
            path = ..;
            sourceTree = SOURCE_ROOT;
        };
/* End PBXGroup section */

/* Begin PBXNativeTarget section */
/* End PBXNativeTarget section */

/* Begin PBXShellScriptBuildPhase section */
		C1D412F4C1D42C0000000009 /* ShellScript for Prep */ = {
			isa = PBXShellScriptBuildPhase;
			buildActionMask = 2147483647;
			files = (
			);
			inputPaths = (

			);
			outputPaths = (

			);
			runOnlyForDeploymentPostprocessing = 0;
			shellPath = /bin/bash;
			shellScript = "PATH=$PATH:/usr/local/bin
[ ! -x ${INC_DIR} ] && mkdir -p ${INC_DIR} ${OBJ_DIR} ${LIB_DIR} ${BIN_DIR}
[ ! -f ${INC_DIR}/me.h ] && cp osdep-macosx-default-me.h ${INC_DIR}/me.h
[ ! -f ${INC_DIR}/osdep.h ] && cp ${SRC_DIR}/src/paks/osdep/osdep.h ${INC_DIR}/osdep.h
if ! diff ${INC_DIR}/me.h osdep-macosx-default-me.h >/dev/null ; then
cp osdep-macosx-default-me.h ${INC_DIR}/me.h
fi";
		};
/* End PBXShellScriptBuildPhase section */

/* Begin PBXProject section */
		C1D412F4C1D42C0000000001 /* Project object */ = {
			isa = PBXProject;
			attributes = {
				LastUpgradeCheck = 0430;
				ORGANIZATIONNAME = "embedthis";
			};
			buildConfigurationList = C1D412F4C1D42C0000000002 /* Build configuration list for PBXProject "osdep" */;
			compatibilityVersion = "Xcode 3.2";
			developmentRegion = English;
			hasScannedForEncodings = 0;
			knownRegions = (
				en,
			);
			mainGroup = C1D412F4C1D42C000000000A;
			productRefGroup = C1D412F4C1D42C000000000B /* Products */;
			projectDirPath = "";
			projectRoot = "";
			targets = (
				C1D412F4C1D42C0000000006 /* All */,
				C1D412F4C1D42C0000000008 /* Prep */,
			);
		};
/* End PBXProject section */

/* Begin PBXSourcesBuildPhase section */
/* End PBXSourcesBuildPhase section */

/* Begin PBXTargetDependency section */
/* End PBXTargetDependency section */

/* Begin XCBuildConfiguration section */
		C1D412F4C1D42C0000000003 /* Debug */ = {
			isa = XCBuildConfiguration;
			buildSettings = {

                /* Common Settings */
				ALWAYS_SEARCH_USER_PATHS = NO;
				ARCHS = "$(ARCHS_STANDARD_64_ME)";
                CURRENT_PROJECT_VERSION = 0.8.0;
                DYLIB_COMPATIBILITY_VERSION = "$(CURRENT_PROJECT_VERSION)";
                DYLIB_CURRENT_VERSION = "$(CURRENT_PROJECT_VERSION)";
				GCC_C_LANGUAGE_STANDARD = gnu99;
				GCC_VERSION = com.apple.compilers.llvm.clang.1_0;
				GCC_WARN_ABOUT_RETURN_TYPE = YES;
                LD_DYLIB_INSTALL_NAME = "@rpath/$(EXECUTABLE_PATH)";
				MACOSX_DEPLOYMENT_TARGET = 10.7;
				SDKROOT = macosx;

                OUT_DIR = "../macosx-x64-default";
                BIN_DIR = "../macosx-x64-default/bin";
                LIB_DIR = "../macosx-x64-default/bin";
                INC_DIR = "../macosx-x64-default/inc";
                OBJ_DIR = "../macosx-x64-default/obj";
                SRC_DIR = "..";

                CONFIGURATION_TEMP_DIR = "$(OBJ_DIR)/tmp/$(CONFIGURATION)";
                CONFIGURATION_BUILD_DIR = "$(BIN_DIR)";
                INSTALL_PATH = "/usr/lib/osdep";
                DSTROOT = "/tmp/osdep.dst";
                OBJROOT = "$(OBJ_DIR)";
                SYMROOT = "$(BIN_DIR)";
				GCC_WARN_64_TO_32_ME_CONVERSION = YES;
				GCC_WARN_64_TO_32_ME_CONVERSION = YES;
				GCC_WARN_UNUSED_VARIABLE = NO;
				GCC_WARN_UNUSED_FUNCTION = NO;
				GCC_WARN_UNUSED_LABEL = NO;
				GCC_WARN_64_TO_32_ME_CONVERSION = YES;
				GCC_WARN_64_TO_32_ME_CONVERSION = YES;
				GCC_WARN_UNUSED_VARIABLE = NO;
				GCC_WARN_UNUSED_FUNCTION = NO;
				GCC_WARN_UNUSED_LABEL = NO;

                /* Debug Settings */
				COPY_PHASE_STRIP = NO;
				GCC_OPTIMIZATION_LEVEL = 0;
				GCC_SYMBOLS_PRIVATE_EXTERN = NO;
				HEADER_SEARCH_PATHS = (
					"../macosx-x64-default/inc",
					"$(inherited)"
				);
				GCC_PREPROCESSOR_DEFINITIONS = (
					"ME_DEBUG",
					"$(inherited)"
				);
				LIBRARY_SEARCH_PATHS = (
					"../macosx-x64-default/bin",
					"$(inherited)"
				);
				OTHER_LDFLAGS = (
					"-Wl,-rpath,@executable_path/",
					"-Wl,-rpath,@loader_path/",
					"-ldl",
					"-lpthread",
					"-lm",
					"$(inherited)"
				);

			};
			name = Debug;
		};
		C1D412F4C1D42C0000000004 /* Release */ = {
			isa = XCBuildConfiguration;
			buildSettings = {

                /* Common Settings */
				ALWAYS_SEARCH_USER_PATHS = NO;
				ARCHS = "$(ARCHS_STANDARD_64_ME)";
                CURRENT_PROJECT_VERSION = 0.8.0;
                DYLIB_COMPATIBILITY_VERSION = "$(CURRENT_PROJECT_VERSION)";
                DYLIB_CURRENT_VERSION = "$(CURRENT_PROJECT_VERSION)";
				GCC_C_LANGUAGE_STANDARD = gnu99;
				GCC_VERSION = com.apple.compilers.llvm.clang.1_0;
				GCC_WARN_ABOUT_RETURN_TYPE = YES;
                LD_DYLIB_INSTALL_NAME = "@rpath/$(EXECUTABLE_PATH)";
				MACOSX_DEPLOYMENT_TARGET = 10.7;
				SDKROOT = macosx;

                OUT_DIR = "../macosx-x64-default";
                BIN_DIR = "../macosx-x64-default/bin";
                LIB_DIR = "../macosx-x64-default/bin";
                INC_DIR = "../macosx-x64-default/inc";
                OBJ_DIR = "../macosx-x64-default/obj";
                SRC_DIR = "..";

                CONFIGURATION_TEMP_DIR = "$(OBJ_DIR)/tmp/$(CONFIGURATION)";
                CONFIGURATION_BUILD_DIR = "$(BIN_DIR)";
                INSTALL_PATH = "/usr/lib/osdep";
                DSTROOT = "/tmp/osdep.dst";
                OBJROOT = "$(OBJ_DIR)";
                SYMROOT = "$(BIN_DIR)";
				GCC_WARN_64_TO_32_ME_CONVERSION = YES;
				GCC_WARN_64_TO_32_ME_CONVERSION = YES;
				GCC_WARN_UNUSED_VARIABLE = NO;
				GCC_WARN_UNUSED_FUNCTION = NO;
				GCC_WARN_UNUSED_LABEL = NO;
				GCC_WARN_64_TO_32_ME_CONVERSION = YES;
				GCC_WARN_64_TO_32_ME_CONVERSION = YES;
				GCC_WARN_UNUSED_VARIABLE = NO;
				GCC_WARN_UNUSED_FUNCTION = NO;
				GCC_WARN_UNUSED_LABEL = NO;

                /* Release Settings */
				COPY_PHASE_STRIP = YES;
				DEBUG_INFORMATION_FORMAT = "dwarf-with-dsym";
				GCC_OPTIMIZATION_LEVEL = s;
                GCC_WARN_UNINITIALIZED_AUTOS = NO;
				HEADER_SEARCH_PATHS = (
					"../macosx-x64-default/inc",
					"$(inherited)"
				);

				LIBRARY_SEARCH_PATHS = (
					"../macosx-x64-default/bin",
					"$(inherited)"
				);
				OTHER_LDFLAGS = (
					"-Wl,-rpath,@executable_path/",
					"-Wl,-rpath,@loader_path/",
					"-ldl",
					"-lpthread",
					"-lm",
					"$(inherited)"
				);

			};
			name = Release;
		};
		C1D412F4C1D42C000000000C /* Debug */ = {
			isa = XCBuildConfiguration;
			buildSettings = {
				PRODUCT_NAME = All;

				GCC_PREPROCESSOR_DEFINITIONS = (
					"ME_DEBUG",
					"$(inherited)"
				);
			};
			name = Debug;
		};
		C1D412F4C1D42C000000000D /* Release */ = {
			isa = XCBuildConfiguration;
			buildSettings = {
				PRODUCT_NAME = All;


			};
			name = Release;
		};
		C1D412F4C1D42C000000000E /* Debug */ = {
			isa = XCBuildConfiguration;
			buildSettings = {
				PRODUCT_NAME = Prep;

				GCC_PREPROCESSOR_DEFINITIONS = (
					"ME_DEBUG",
					"$(inherited)"
				);
			};
			name = Debug;
		};
		C1D412F4C1D42C000000000F /* Release */ = {
			isa = XCBuildConfiguration;
			buildSettings = {
				PRODUCT_NAME = Prep;


			};
			name = Release;
		};
/* End XCBuildConfiguration section */

/* Begin XCConfigurationList section */
		C1D412F4C1D42C0000000002 /* Build configuration list for PBXProject "osdep" */ = {
			isa = XCConfigurationList;
			buildConfigurations = (
				C1D412F4C1D42C0000000003 /* Debug */,
				C1D412F4C1D42C0000000004 /* Release */,
			);
			defaultConfigurationIsVisible = 0;
			defaultConfigurationName = Release;
		};
		C1D412F4C1D42C0000000005 /* Build configuration list for PBXNativeTarget "All" */ = {
			isa = XCConfigurationList;
			buildConfigurations = (
				C1D412F4C1D42C000000000C /* Debug */,
				C1D412F4C1D42C000000000D /* Release */,
			);
			defaultConfigurationIsVisible = 0;
			defaultConfigurationName = Release;
		};
		C1D412F4C1D42C0000000007 /* Build configuration list for PBXNativeTarget "Prep" */ = {
			isa = XCConfigurationList;
			buildConfigurations = (
				C1D412F4C1D42C000000000E /* Debug */,
				C1D412F4C1D42C000000000F /* Release */,
			);
			defaultConfigurationIsVisible = 0;
			defaultConfigurationName = Release;
		};
/* End XCConfigurationList section */
	};
	rootObject = C1D412F4C1D42C0000000001 /* Project object */;
}
